Microsoft Visual Studio Solution File, Format Version 12.00
# Visual Studio Version 17
VisualStudioVersion = 17.5.2.0
MinimumVisualStudioVersion = 10.0.40219.1
Project("{FAE04EC0-301F-11D3-BF4B-00C04F79EFBC}") = "DoubleLinkedList", "DoubleLinkedList\DoubleLinkedList.csproj", "{FFBAE892-00E5-C817-9564-4434EE67E763}"
EndProject
Global
	GlobalSection(SolutionConfigurationPlatforms) = preSolution
		Debug|Any CPU = Debug|Any CPU
		Release|Any CPU = Release|Any CPU
	EndGlobalSection
	GlobalSection(ProjectConfigurationPlatforms) = postSolution
		{FFBAE892-00E5-C817-9564-4434EE67E763}.Debug|Any CPU.ActiveCfg = Debug|Any CPU
		{FFBAE892-00E5-C817-9564-4434EE67E763}.Debug|Any CPU.Build.0 = Debug|Any CPU
		{FFBAE892-00E5-C817-9564-4434EE67E763}.Release|Any CPU.ActiveCfg = Release|Any CPU
		{FFBAE892-00E5-C817-9564-4434EE67E763}.Release|Any CPU.Build.0 = Release|Any CPU
	EndGlobalSection
	GlobalSection(SolutionProperties) = preSolution
		HideSolutionNode = FALSE
	EndGlobalSection
	GlobalSection(ExtensibilityGlobals) = postSolution
		SolutionGuid = {84BC60E5-C44C-4891-9205-A741B6AAF04E}
	EndGlobalSection
EndGlobal
